{
  "nodes": {
    "nixCats": {
      "locked": {
        "lastModified": 1758435412,
        "narHash": "sha256-jfjSdcT+zvmXRTcua6crPw0NDDds3klXthuSzQVC/ns=",
        "owner": "BirdeeHub",
        "repo": "nixCats-nvim",
        "rev": "ae944a2567baee640eebce55839ff078800bd301",
        "type": "github"
      },
      "original": {
        "owner": "BirdeeHub",
        "repo": "nixCats-nvim",
        "type": "github"
      }
    },
    "nixpkgs": {
      "locked": {
        "lastModified": 1758346548,
        "narHash": "sha256-afXE7AJ7MY6wY1pg/Y6UPHNYPy5GtUKeBkrZZ/gC71E=",
        "rev": "b2a3852bd078e68dd2b3dfa8c00c67af1f0a7d20",
        "revCount": 810175,
        "type": "tarball",
        "url": "https://api.flakehub.com/f/pinned/NixOS/nixpkgs/0.2505.810175%2Brev-b2a3852bd078e68dd2b3dfa8c00c67af1f0a7d20/01996a9c-be96-7a98-a978-e5a9ecbd877f/source.tar.gz"
      },
      "original": {
        "type": "tarball",
        "url": "https://flakehub.com/f/NixOS/nixpkgs/0"
      }
    },
    "root": {
      "inputs": {
        "nixCats": "nixCats",
        "nixpkgs": "nixpkgs"
      }
    }
  },
  "root": "root",
  "version": 7
}
